PODS:
  - Cosmos (23.0.0)
  - IBAnimatable (6.1.0)
  - IQKeyboardManagerSwift (6.5.10)
  - JGProgressHUD (2.2)
  - Kingfisher (7.4.0)
  - SwiftMessages (9.0.6):
    - SwiftMessages/App (= 9.0.6)
  - SwiftMessages/App (9.0.6)
  - TagListView (1.4.1)

DEPENDENCIES:
  - Cosmos
  - IBAnimatable
  - IQKeyboardManagerSwift
  - JGProgressHUD
  - Kingfisher (~> 7.0)
  - SwiftMessages
  - TagListView (~> 1.0)

SPEC REPOS:
  trunk:
    - Cosmos
    - IBAnimatable
    - IQKeyboardManagerSwift
    - JGProgressHUD
    - Kingfisher
    - SwiftMessages
    - TagListView

SPEC CHECKSUMS:
  Cosmos: b5c6a9a637e28a061b54c8f8b1d8529d7d4db73f
  IBAnimatable: 99dddd4c0625884a301ba3ecbc1615f8a390368e
  IQKeyboardManagerSwift: 52962c76ab33532f15ad9f3ff4e5715eda5335bb
  JGProgressHUD: d83d7a981b85d11205e19ff8ad5bb9c40571c847
  Kingfisher: 596b207973051aae5e4c54a1c1cb39837ea10d36
  SwiftMessages: f0c7ef4705a570ad6c5e208b611f4333e660ed92
  TagListView: a1c236d17960a0cf64156725a76ce6d73ebce2be

PODFILE CHECKSUM: 9300d249b527f55e4de36256309b78825fc21e15

COCOAPODS: 1.11.3
